
Microsoft Visual Studio Solution File, Format Version 12.00
# Visual Studio 15
VisualStudioVersion = 15.0.27703.2042
MinimumVisualStudioVersion = 10.0.40219.1
Project("{FAE04EC0-301F-11D3-BF4B-00C04F79EFBC}") = "LifeUI", "LifeUI\LifeUI.csproj", "{68703BD1-569F-4D03-9389-0923128863C3}"
EndProject
Project("{6EC3EE1D-3C4E-46DD-8F32-0CC8E7565705}") = "FunctionLib", "FunctionLib\FunctionLib.fsproj", "{397BB700-14C3-48D7-B9F0-D12348F5BB9E}"
EndProject
Global
	GlobalSection(SolutionConfigurationPlatforms) = preSolution
		Debug|Any CPU = Debug|Any CPU
		Release|Any CPU = Release|Any CPU
	EndGlobalSection
	GlobalSection(ProjectConfigurationPlatforms) = postSolution
		{68703BD1-569F-4D03-9389-0923128863C3}.Debug|Any CPU.ActiveCfg = Debug|Any CPU
		{68703BD1-569F-4D03-9389-0923128863C3}.Debug|Any CPU.Build.0 = Debug|Any CPU
		{68703BD1-569F-4D03-9389-0923128863C3}.Release|Any CPU.ActiveCfg = Release|Any CPU
		{68703BD1-569F-4D03-9389-0923128863C3}.Release|Any CPU.Build.0 = Release|Any CPU
		{397BB700-14C3-48D7-B9F0-D12348F5BB9E}.Debug|Any CPU.ActiveCfg = Debug|Any CPU
		{397BB700-14C3-48D7-B9F0-D12348F5BB9E}.Debug|Any CPU.Build.0 = Debug|Any CPU
		{397BB700-14C3-48D7-B9F0-D12348F5BB9E}.Release|Any CPU.ActiveCfg = Release|Any CPU
		{397BB700-14C3-48D7-B9F0-D12348F5BB9E}.Release|Any CPU.Build.0 = Release|Any CPU
	EndGlobalSection
	GlobalSection(SolutionProperties) = preSolution
		HideSolutionNode = FALSE
	EndGlobalSection
	GlobalSection(ExtensibilityGlobals) = postSolution
		SolutionGuid = {2768E8F7-584D-42A3-9421-8D1163CC3AE0}
	EndGlobalSection
EndGlobal
